
Microsoft Visual Studio Solution File, Format Version 12.00
# Visual Studio Version 16
VisualStudioVersion = 16.0.30002.166
MinimumVisualStudioVersion = 10.0.40219.1
Project("{FAE04EC0-301F-11D3-BF4B-00C04F79EFBC}") = "CSharpInterfaces", "CSharpInterfaces\CSharpInterfaces.csproj", "{5DE150D8-5991-4FF2-8C76-3EA0A9C8E72D}"
EndProject
Project("{FAE04EC0-301F-11D3-BF4B-00C04F79EFBC}") = "ClassLibrary1", "ClassLibrary1\ClassLibrary1.csproj", "{C94D337F-CADB-492A-9282-963E74ABC378}"
EndProject
Global
	GlobalSection(SolutionConfigurationPlatforms) = preSolution
		Debug|Any CPU = Debug|Any CPU
		Release|Any CPU = Release|Any CPU
	EndGlobalSection
	GlobalSection(ProjectConfigurationPlatforms) = postSolution
		{5DE150D8-5991-4FF2-8C76-3EA0A9C8E72D}.Debug|Any CPU.ActiveCfg = Debug|Any CPU
		{5DE150D8-5991-4FF2-8C76-3EA0A9C8E72D}.Debug|Any CPU.Build.0 = Debug|Any CPU
		{5DE150D8-5991-4FF2-8C76-3EA0A9C8E72D}.Release|Any CPU.ActiveCfg = Release|Any CPU
		{5DE150D8-5991-4FF2-8C76-3EA0A9C8E72D}.Release|Any CPU.Build.0 = Release|Any CPU
		{C94D337F-CADB-492A-9282-963E74ABC378}.Debug|Any CPU.ActiveCfg = Debug|Any CPU
		{C94D337F-CADB-492A-9282-963E74ABC378}.Debug|Any CPU.Build.0 = Debug|Any CPU
		{C94D337F-CADB-492A-9282-963E74ABC378}.Release|Any CPU.ActiveCfg = Release|Any CPU
		{C94D337F-CADB-492A-9282-963E74ABC378}.Release|Any CPU.Build.0 = Release|Any CPU
	EndGlobalSection
	GlobalSection(SolutionProperties) = preSolution
		HideSolutionNode = FALSE
	EndGlobalSection
	GlobalSection(ExtensibilityGlobals) = postSolution
		SolutionGuid = {F0A2C4F4-633A-497D-AF8A-39D0C3D19044}
	EndGlobalSection
EndGlobal
